Microsoft Visual Studio Solution File, Format Version 12.00
# Visual Studio 15
VisualStudioVersion = 15.0.26430.12
MinimumVisualStudioVersion = 10.0.40219.1
Project("{E24C65DC-7377-472B-9ABA-BC803B73C61A}") = "Kasbi_src", ".", "{1C9F12F0-B630-43D0-9E12-36B55BA41A5D}"
	ProjectSection(WebsiteProperties) = preProject
		TargetFrameworkMoniker = ".NETFramework,Version%3Dv4.6.2"
		Debug.AspNetCompiler.VirtualPath = "/kasbi"
		Debug.AspNetCompiler.PhysicalPath = "..\Kasbi_src\"
		Debug.AspNetCompiler.TargetPath = "..\..\..\..\..\..\Inetpub\wwwroot\kasbi\"
		Debug.AspNetCompiler.Updateable = "false"
		Debug.AspNetCompiler.ForceOverwrite = "true"
		Debug.AspNetCompiler.FixedNames = "false"
		Debug.AspNetCompiler.Debug = "True"
		Release.AspNetCompiler.VirtualPath = "/kasbi"
		Release.AspNetCompiler.PhysicalPath = "..\Kasbi_src\"
		Release.AspNetCompiler.TargetPath = "..\..\..\..\..\..\Inetpub\wwwroot\kasbi\"
		Release.AspNetCompiler.Updateable = "false"
		Release.AspNetCompiler.ForceOverwrite = "true"
		Release.AspNetCompiler.FixedNames = "false"
		Release.AspNetCompiler.Debug = "False"
		VWDPort = "2673"
		SlnRelativePath = "..\Kasbi_src\"
	EndProjectSection
EndProject
Global
	GlobalSection(SolutionConfigurationPlatforms) = preSolution
		Debug|.NET = Debug|.NET
	EndGlobalSection
	GlobalSection(ProjectConfigurationPlatforms) = postSolution
		{1C9F12F0-B630-43D0-9E12-36B55BA41A5D}.Debug|.NET.ActiveCfg = Debug|Any CPU
	EndGlobalSection
	GlobalSection(SolutionProperties) = preSolution
		HideSolutionNode = FALSE
	EndGlobalSection
	GlobalSection(ExtensibilityGlobals) = postSolution
		SolutionGuid = {97B7F409-F497-44D8-AA26-C55EF3B3526C}
	EndGlobalSection
EndGlobal
