Microsoft Visual Studio Solution File, Format Version 9.00
# Visual Studio 2005
Project("{E24C65DC-7377-472B-9ABA-BC803B73C61A}") = "E:\Проект Касби\Kasbi_Manager\", ".", "{1C9F12F0-B630-43D0-9E12-36B55BA41A5D}"
	ProjectSection(WebsiteProperties) = preProject
		Debug.AspNetCompiler.VirtualPath = "/kasbi"
		Debug.AspNetCompiler.PhysicalPath = "..\Kasbi\"
		Debug.AspNetCompiler.TargetPath = "C:\Inetpub\wwwroot\kasbi\"
		Debug.AspNetCompiler.Updateable = "false"
		Debug.AspNetCompiler.ForceOverwrite = "true"
		Debug.AspNetCompiler.FixedNames = "false"
		Debug.AspNetCompiler.Debug = "True"
		Release.AspNetCompiler.VirtualPath = "/kasbi"
		Release.AspNetCompiler.PhysicalPath = "..\Kasbi\"
		Release.AspNetCompiler.TargetPath = "C:\Inetpub\wwwroot\kasbi\"
		Release.AspNetCompiler.Updateable = "false"
		Release.AspNetCompiler.ForceOverwrite = "true"
		Release.AspNetCompiler.FixedNames = "false"
		Release.AspNetCompiler.Debug = "False"
		VWDPort = "2673"
	EndProjectSection
EndProject
Global
	GlobalSection(SolutionConfigurationPlatforms) = preSolution
		Debug|.NET = Debug|.NET
	EndGlobalSection
	GlobalSection(ProjectConfigurationPlatforms) = postSolution
		{1C9F12F0-B630-43D0-9E12-36B55BA41A5D}.Debug|.NET.ActiveCfg = Debug|.NET
		{1C9F12F0-B630-43D0-9E12-36B55BA41A5D}.Debug|.NET.Build.0 = Debug|.NET
	EndGlobalSection
	GlobalSection(SolutionProperties) = preSolution
		HideSolutionNode = FALSE
	EndGlobalSection
EndGlobal
